
Microsoft Visual Studio Solution File, Format Version 12.00
# Visual Studio 15
VisualStudioVersion = 15.0.28307.1300
MinimumVisualStudioVersion = 10.0.40219.1
Project("{9A19103F-16F7-4668-BE54-9A1E7A4F7556}") = "LitJson", "LitJson\LitJson.csproj", "{C801E8A4-73E3-4485-93A2-9BDE934C9A72}"
EndProject
Global
	GlobalSection(SolutionConfigurationPlatforms) = preSolution
		Debug|Any CPU = Debug|Any CPU
		Release|Any CPU = Release|Any CPU
	EndGlobalSection
	GlobalSection(ProjectConfigurationPlatforms) = postSolution
		{C801E8A4-73E3-4485-93A2-9BDE934C9A72}.Debug|Any CPU.ActiveCfg = Debug|Any CPU
		{C801E8A4-73E3-4485-93A2-9BDE934C9A72}.Debug|Any CPU.Build.0 = Debug|Any CPU
		{C801E8A4-73E3-4485-93A2-9BDE934C9A72}.Release|Any CPU.ActiveCfg = Release|Any CPU
		{C801E8A4-73E3-4485-93A2-9BDE934C9A72}.Release|Any CPU.Build.0 = Release|Any CPU
	EndGlobalSection
	GlobalSection(SolutionProperties) = preSolution
		HideSolutionNode = FALSE
	EndGlobalSection
	GlobalSection(ExtensibilityGlobals) = postSolution
		SolutionGuid = {C8D2E88E-41B8-47A5-8E1F-8337163D61A8}
	EndGlobalSection
EndGlobal
