
Microsoft Visual Studio Solution File, Format Version 12.00
# Visual Studio 15
VisualStudioVersion = 15.0.28307.1300
MinimumVisualStudioVersion = 10.0.40219.1
Project("{FAE04EC0-301F-11D3-BF4B-00C04F79EFBC}") = "UArtEditorEx", "UArtEditorEx\UArtEditorEx.csproj", "{15BFE97A-D9D5-4A81-A6F7-DDF6910CE662}"
EndProject
Global
	GlobalSection(SolutionConfigurationPlatforms) = preSolution
		Debug|Any CPU = Debug|Any CPU
		Release|Any CPU = Release|Any CPU
	EndGlobalSection
	GlobalSection(ProjectConfigurationPlatforms) = postSolution
		{15BFE97A-D9D5-4A81-A6F7-DDF6910CE662}.Debug|Any CPU.ActiveCfg = Debug|Any CPU
		{15BFE97A-D9D5-4A81-A6F7-DDF6910CE662}.Debug|Any CPU.Build.0 = Debug|Any CPU
		{15BFE97A-D9D5-4A81-A6F7-DDF6910CE662}.Release|Any CPU.ActiveCfg = Release|Any CPU
		{15BFE97A-D9D5-4A81-A6F7-DDF6910CE662}.Release|Any CPU.Build.0 = Release|Any CPU
	EndGlobalSection
	GlobalSection(SolutionProperties) = preSolution
		HideSolutionNode = FALSE
	EndGlobalSection
	GlobalSection(ExtensibilityGlobals) = postSolution
		SolutionGuid = {6863C561-99B9-4514-A081-89327F826870}
	EndGlobalSection
EndGlobal
